{
  "name": "00-nvm",
  "version": "1.0.0",
  "lockfileVersion": 3,
  "requires": true,
  "packages": {
    "": {
      "name": "00-nvm",
      "version": "1.0.0",
      "license": "ISC",
      "dependencies": {
        "express": "^3.10.0"
      },
      "engines": {
        "node": "18.x"
      }
    },
    "node_modules/accepts": {
      "version": "1.0.2",
      "resolved": "https://registry.npmjs.org/accepts/-/accepts-1.0.2.tgz",
      "integrity": "sha512-Xh6Ep4MHKfHswT/oJFBjT0mOQJwncjYV1FoRa10IsdqYWqwqKoevgMHI4wHgqbGd9Wt4VXdDoFOyW6X8wXKKug==",
      "license": "MIT",
      "dependencies": {
        "mime": "~1.2.11",
        "negotiator": "0.4.5"
      },
      "engines": {
        "node": ">= 0.8.0"
      }
    },
    "node_modules/basic-auth-connect": {
      "version": "1.0.0",
      "resolved": "https://registry.npmjs.org/basic-auth-connect/-/basic-auth-connect-1.0.0.tgz",
      "integrity": "sha512-kiV+/DTgVro4aZifY/hwRwALBISViL5NP4aReaR2EVJEObpbUBHIkdJh/YpcoEiYt7nBodZ6U2ajZeZvSxUCCg==",
      "license": "MIT"
    },
    "node_modules/batch": {
      "version": "0.5.0",
      "resolved": "https://registry.npmjs.org/batch/-/batch-0.5.0.tgz",
      "integrity": "sha512-avtDJBSxllB5QGphW1OXYF+ujhy/yIGgeFsvK6UiZLU86nWlqsNcZotUKd001wrl9MmZ9QIyVy8WFVEEpRIc5A=="
    },
    "node_modules/body-parser": {
      "version": "1.3.0",
      "resolved": "https://registry.npmjs.org/body-parser/-/body-parser-1.3.0.tgz",
      "integrity": "sha512-is7gFt5CcTO6f1z1tAYztWNtqBLCBIqYUVjEcwRdOIi7LipX65mAglF4ChMAYBUjrF06v39d9PnPGnwjv3Yg8w==",
      "license": "MIT",
      "dependencies": {
        "bytes": "1.0.0",
        "qs": "0.6.6",
        "raw-body": "1.1.6",
        "type-is": "1.2.0"
      },
      "engines": {
        "node": ">= 0.8"
      }
    },
    "node_modules/buffer-crc32": {
      "version": "0.2.1",
      "resolved": "https://registry.npmjs.org/buffer-crc32/-/buffer-crc32-0.2.1.tgz",
      "integrity": "sha512-vMfBIRp/wjlpueSz7Sb0OmO7C5SH58SSmbsT8G4D48YfO/Zgbr29xNXMpZVSC14ujVJfrZZH1Bl+kXYRQPuvfQ==",
      "engines": {
        "node": "*"
      }
    },
    "node_modules/bytes": {
      "version": "1.0.0",
      "resolved": "https://registry.npmjs.org/bytes/-/bytes-1.0.0.tgz",
      "integrity": "sha512-/x68VkHLeTl3/Ll8IvxdwzhrT+IyKc52e/oyHhA2RwqPqswSnjVbSddfPRwAsJtbilMAPSRWwAlpxdYsSWOTKQ=="
    },
    "node_modules/commander": {
      "version": "1.3.2",
      "resolved": "https://registry.npmjs.org/commander/-/commander-1.3.2.tgz",
      "integrity": "sha512-uoVVA5dchmxZeTMv2Qsd0vhn/RebJYsWo4all1qtrUL3BBhQFn4AQDF4PL+ZvOeK7gczXKEZaSCyMDMwFBlpBg==",
      "dependencies": {
        "keypress": "0.1.x"
      },
      "engines": {
        "node": ">= 0.6.x"
      }
    },
    "node_modules/compressible": {
      "version": "1.0.1",
      "resolved": "https://registry.npmjs.org/compressible/-/compressible-1.0.1.tgz",
      "integrity": "sha512-9LA1G9Fq6npU5vDktliPFnzGCdtMZxXP2C5tQjzxalPiCNMPw9JIl+KxRtrZ7mnlKLdotNbZo4WI3iLP/7ZVvg==",
      "license": "MIT"
    },
    "node_modules/compression": {
      "version": "1.0.3",
      "resolved": "https://registry.npmjs.org/compression/-/compression-1.0.3.tgz",
      "integrity": "sha512-DVWAZO+1NQvNXj6ZHts8hB1rLFG2969LdZfuUKpK4BiJkEjRZzEUU792UZRxvEkuHiTHgD8T4nfkmkyPsl+M7A==",
      "license": "MIT",
      "dependencies": {
        "accepts": "1.0.2",
        "bytes": "1.0.0",
        "compressible": "1.0.1",
        "on-headers": "0.0.0"
      },
      "engines": {
        "node": ">= 0.8.0"
      }
    },
    "node_modules/connect": {
      "version": "2.19.1",
      "resolved": "https://registry.npmjs.org/connect/-/connect-2.19.1.tgz",
      "integrity": "sha512-pMeRIATkBBoGeGKYa5eIIps/Ph9yVwEhGnlgNoOshOb7CGMzGkA0bY5/sTKnqERf3LkmIFzo6jlInTn3p5FqmQ==",
      "deprecated": "connect 2.x series is deprecated",
      "license": "MIT",
      "dependencies": {
        "basic-auth-connect": "1.0.0",
        "body-parser": "1.3.0",
        "bytes": "1.0.0",
        "compression": "1.0.3",
        "connect-timeout": "1.1.0",
        "cookie": "0.1.2",
        "cookie-parser": "1.1.0",
        "cookie-signature": "1.0.3",
        "csurf": "1.2.0",
        "debug": ">= 0.8.0 < 1",
        "errorhandler": "1.0.1",
        "escape-html": "1.0.1",
        "express-session": "1.2.1",
        "fresh": "0.2.2",
        "method-override": "2.0.1",
        "morgan": "1.1.1",
        "multiparty": "3.2.8",
        "on-headers": "0.0.0",
        "parseurl": "1.0.1",
        "pause": "0.0.1",
        "qs": "0.6.6",
        "response-time": "2.0.0",
        "serve-favicon": "2.0.0",
        "serve-index": "1.1.0",
        "serve-static": "1.2.1",
        "type-is": "1.2.0",
        "vhost": "1.0.0"
      },
      "engines": {
        "node": ">= 0.8.0"
      }
    },
    "node_modules/connect-timeout": {
      "version": "1.1.0",
      "resolved": "https://registry.npmjs.org/connect-timeout/-/connect-timeout-1.1.0.tgz",
      "integrity": "sha512-8J5tx50FQBnFpLWIkuzpiq0/K+9Q38VtPUJb5cwZ9OcNQwlFsXunfUG/HjQeAKYEwzXBMTYX3vECP3NrltHQSw==",
      "license": "MIT",
      "dependencies": {
        "debug": "0.8.1"
      },
      "engines": {
        "node": ">= 0.8"
      }
    },
    "node_modules/cookie": {
      "version": "0.1.2",
      "resolved": "https://registry.npmjs.org/cookie/-/cookie-0.1.2.tgz",
      "integrity": "sha512-+mHmWbhevLwkiBf7QcbZXHr0v4ZQQ/OgHk3fsQHrsMMiGzuvAmU/YMUR+ZfrO/BLAGIWFfx2Z7Oyso0tZR/wiA==",
      "engines": {
        "node": "*"
      }
    },
    "node_modules/cookie-parser": {
      "version": "1.1.0",
      "resolved": "https://registry.npmjs.org/cookie-parser/-/cookie-parser-1.1.0.tgz",
      "integrity": "sha512-MsTYnJLvYrlVn2vyjqxYch2KSQVxGmE6j5QouzSMmqS2VEQgrQqelPLqIhaqRKRA3pDaDuZklLhamfwEFFP9BQ==",
      "dependencies": {
        "cookie": "0.1.2",
        "cookie-signature": "1.0.3"
      },
      "engines": {
        "node": ">= 0.8.0"
      }
    },
    "node_modules/cookie-signature": {
      "version": "1.0.3",
      "resolved": "https://registry.npmjs.org/cookie-signature/-/cookie-signature-1.0.3.tgz",
      "integrity": "sha512-/KzKzsm0OlguYov01OlOpTkX5MhBKUmfL/KMum7R80rPKheb9AwUzr78TwtBt1OdbnWrt4X+wxbTfcQ3noZqHw=="
    },
    "node_modules/core-util-is": {
      "version": "1.0.3",
      "resolved": "https://registry.npmjs.org/core-util-is/-/core-util-is-1.0.3.tgz",
      "integrity": "sha512-ZQBvi1DcpJ4GDqanjucZ2Hj3wEO5pZDS89BWbkcrvdxksJorwUDDZamX9ldFkp9aw2lmBDLgkObEA4DWNJ9FYQ==",
      "license": "MIT"
    },
    "node_modules/csurf": {
      "version": "1.2.0",
      "resolved": "https://registry.npmjs.org/csurf/-/csurf-1.2.0.tgz",
      "integrity": "sha512-QvHxtKG0u6OnDmRY+yp/OBBtUlx/ezZMKcReDlKZS0Tn+fdvVQq1oCyqTFyZs6qf2ZuF3JVzdjxeD2teko9dSw==",
      "license": "MIT",
      "dependencies": {
        "scmp": "~0.0.3",
        "uid2": "~0.0.2"
      },
      "engines": {
        "node": ">= 0.8.0"
      }
    },
    "node_modules/debug": {
      "version": "0.8.1",
      "resolved": "https://registry.npmjs.org/debug/-/debug-0.8.1.tgz",
      "integrity": "sha512-HlXEJm99YsRjLJ8xmuz0Lq8YUwrv7hAJkTEr6/Em3sUlSUNl0UdFA+1SrY4fnykeq1FVkUEUtwRGHs9VvlYbGA==",
      "engines": {
        "node": "*"
      }
    },
    "node_modules/errorhandler": {
      "version": "1.0.1",
      "resolved": "https://registry.npmjs.org/errorhandler/-/errorhandler-1.0.1.tgz",
      "integrity": "sha512-6fRjAP0uqcvbBvut6k1AAIV3b3GS3SZuqCwUUCRgVBF82Kz39FbodJx8pHCskf9yXSRvErPohfOaCrpjv+MWgg==",
      "license": "MIT",
      "engines": {
        "node": ">= 0.8"
      }
    },
    "node_modules/escape-html": {
      "version": "1.0.1",
      "resolved": "https://registry.npmjs.org/escape-html/-/escape-html-1.0.1.tgz",
      "integrity": "sha512-z6kAnok8fqVTra7Yu77dZF2Y6ETJlxH58wN38wNyuNQLm8xXdKnfNrlSmfXsTePWP03rRVUKHubtUwanwUi7+g=="
    },
    "node_modules/express": {
      "version": "3.10.0",
      "resolved": "https://registry.npmjs.org/express/-/express-3.10.0.tgz",
      "integrity": "sha512-FU8u1bDO1BExFJMVukA6j8UH1UsHAcmwzSratCensbRLzC1xUvMfDHrKYPXIb94FIrDcj7mc82WgBbfKBhgTzQ==",
      "license": "MIT",
      "dependencies": {
        "buffer-crc32": "0.2.1",
        "commander": "1.3.2",
        "connect": "2.19.1",
        "cookie": "0.1.2",
        "cookie-signature": "1.0.3",
        "debug": ">= 0.8.0 < 1",
        "escape-html": "1.0.1",
        "fresh": "0.2.2",
        "merge-descriptors": "0.0.2",
        "methods": "1.0.1",
        "mkdirp": "0.5.0",
        "parseurl": "1.0.1",
        "proxy-addr": "1.0.0",
        "range-parser": "1.0.0",
        "send": "0.4.1"
      },
      "bin": {
        "express": "bin/express"
      },
      "engines": {
        "node": ">= 0.8.0"
      }
    },
    "node_modules/express-session": {
      "version": "1.2.1",
      "resolved": "https://registry.npmjs.org/express-session/-/express-session-1.2.1.tgz",
      "integrity": "sha512-s13UHp8mBqa1dPZaGN86r83AV1UVJor9Z769dJJjgbbIJTJWQVa/FkcTJOPzJhlomfGGdBY/SAX7YJAOGP4ogQ==",
      "license": "MIT",
      "dependencies": {
        "buffer-crc32": "0.2.1",
        "cookie": "0.1.2",
        "cookie-signature": "1.0.3",
        "debug": "0.8.1",
        "on-headers": "0.0.0",
        "uid2": "0.0.3",
        "utils-merge": "1.0.0"
      },
      "engines": {
        "node": ">= 0.8.0"
      }
    },
    "node_modules/express-session/node_modules/uid2": {
      "version": "0.0.3",
      "resolved": "https://registry.npmjs.org/uid2/-/uid2-0.0.3.tgz",
      "integrity": "sha512-5gSP1liv10Gjp8cMEnFd6shzkL/D6W1uhXSFNCxDC+YI8+L8wkCYCbJ7n77Ezb4wE/xzMogecE+DtamEe9PZjg=="
    },
    "node_modules/finished": {
      "version": "1.1.4",
      "resolved": "https://registry.npmjs.org/finished/-/finished-1.1.4.tgz",
      "integrity": "sha512-4hiY+PUmUih4VORyucRz/9QgDhvHbhRUqKqgYY/Ht+fOyX8Epb5eDTKi5I0VCNrYVrecN7tj00HoNBAWoZ1tPw==",
      "license": "MIT"
    },
    "node_modules/fresh": {
      "version": "0.2.2",
      "resolved": "https://registry.npmjs.org/fresh/-/fresh-0.2.2.tgz",
      "integrity": "sha512-ZGGi8GROK//ijm2gB33sUuN9TjN1tC/dvG4Bt4j6IWrVGpMmudUBCxx+Ir7qePsdREfkpQC4FL8W0jeSOsgv1w=="
    },
    "node_modules/inherits": {
      "version": "2.0.4",
      "resolved": "https://registry.npmjs.org/inherits/-/inherits-2.0.4.tgz",
      "integrity": "sha512-k/vGaX4/Yla3WzyMCvTQOXYeIHvqOKtnqBduzTHpzpQZzAskKMhZ2K+EnBiSM9zGSoIFeMpXKxa4dYeZIQqewQ==",
      "license": "ISC"
    },
    "node_modules/ipaddr.js": {
      "version": "0.1.2",
      "resolved": "https://registry.npmjs.org/ipaddr.js/-/ipaddr.js-0.1.2.tgz",
      "integrity": "sha512-MGrEjHz4Hk5UVpJXZQ2tHB+bp6xgdRKCAEWdrgFsoAmXCgKAPtj8LqMxgvlWEAj9aN+PpTcvE051uZU3K3kLSQ==",
      "engines": {
        "node": ">= 0.2.5"
      }
    },
    "node_modules/isarray": {
      "version": "0.0.1",
      "resolved": "https://registry.npmjs.org/isarray/-/isarray-0.0.1.tgz",
      "integrity": "sha512-D2S+3GLxWH+uhrNEcoh/fnmYeP8E8/zHl644d/jdA0g2uyXvy3sb0qxotE+ne0LtccHknQzWwZEzhak7oJ0COQ==",
      "license": "MIT"
    },
    "node_modules/keypress": {
      "version": "0.1.0",
      "resolved": "https://registry.npmjs.org/keypress/-/keypress-0.1.0.tgz",
      "integrity": "sha512-x0yf9PL/nx9Nw9oLL8ZVErFAk85/lslwEP7Vz7s5SI1ODXZIgit3C5qyWjw4DxOuO/3Hb4866SQh28a1V1d+WA==",
      "license": "MIT"
    },
    "node_modules/merge-descriptors": {
      "version": "0.0.2",
      "resolved": "https://registry.npmjs.org/merge-descriptors/-/merge-descriptors-0.0.2.tgz",
      "integrity": "sha512-dYBT4Ep+t/qnPeJcnMymmhTdd4g8/hn48ciaDqLAkfRf8abzLPS6Rb6EBdz5CZCL8tzZuI5ps9MhGQGxk+EuKg==",
      "license": "MIT"
    },
    "node_modules/method-override": {
      "version": "2.0.1",
      "resolved": "https://registry.npmjs.org/method-override/-/method-override-2.0.1.tgz",
      "integrity": "sha512-J8dkAPwLBnOOo5gMyBrcUgsg2mx5DaTFxgPISeepU7T+icq3Jw3VaexqnEI6qNWvSUMpHuHitXLN4trHkK+b+g==",
      "license": "MIT",
      "dependencies": {
        "methods": "1.0.1",
        "parseurl": "1.0.1"
      },
      "engines": {
        "node": ">= 0.8.0"
      }
    },
    "node_modules/methods": {
      "version": "1.0.1",
      "resolved": "https://registry.npmjs.org/methods/-/methods-1.0.1.tgz",
      "integrity": "sha512-2403MfnVypWSNIEpmQ26/ObZ5kSUx37E8NHRvriw0+I8Sne7k0HGuLGCk0OrCqURh4UIygD0cSsYq+Ll+kzNqA==",
      "license": "MIT"
    },
    "node_modules/mime": {
      "version": "1.2.11",
      "resolved": "https://registry.npmjs.org/mime/-/mime-1.2.11.tgz",
      "integrity": "sha512-Ysa2F/nqTNGHhhm9MV8ure4+Hc+Y8AWiqUdHxsO7xu8zc92ND9f3kpALHjaP026Ft17UfxrMt95c50PLUeynBw=="
    },
    "node_modules/minimist": {
      "version": "0.0.8",
      "resolved": "https://registry.npmjs.org/minimist/-/minimist-0.0.8.tgz",
      "integrity": "sha512-miQKw5Hv4NS1Psg2517mV4e4dYNaO3++hjAvLOAzKqZ61rH8NS1SK+vbfBWZ5PY/Me/bEWhUwqMghEW5Fb9T7Q==",
      "license": "MIT"
    },
    "node_modules/mkdirp": {
      "version": "0.5.0",
      "resolved": "https://registry.npmjs.org/mkdirp/-/mkdirp-0.5.0.tgz",
      "integrity": "sha512-xjjNGy+ry1lhtIKcr2PT6ok3aszhQfgrUDp4OZLHacgRgFmF6XR9XCOJVcXlVGQonIqXcK1DvqgKKQOPWYGSfw==",
      "deprecated": "Legacy versions of mkdirp are no longer supported. Please update to mkdirp 1.x. (Note that the API surface has changed to use Promises in 1.x.)",
      "license": "MIT",
      "dependencies": {
        "minimist": "0.0.8"
      },
      "bin": {
        "mkdirp": "bin/cmd.js"
      }
    },
    "node_modules/morgan": {
      "version": "1.1.1",
      "resolved": "https://registry.npmjs.org/morgan/-/morgan-1.1.1.tgz",
      "integrity": "sha512-Jx1pZHnbZ43TFAeY0NVuLqpeXX0O2aL7todwFModvpjZCGR+vBTKH0wOKQjwK1wgO/cERhFISIf4roSj1fx5Jg==",
      "license": "MIT",
      "dependencies": {
        "bytes": "1.0.0"
      },
      "engines": {
        "node": ">= 0.8.0"
      }
    },
    "node_modules/multiparty": {
      "version": "3.2.8",
      "resolved": "https://registry.npmjs.org/multiparty/-/multiparty-3.2.8.tgz",
      "integrity": "sha512-F+7z2Jzr0OlVpF+XTfQ68CjkRLjMdSHRY+GiQhaAZKeRh48qkz97ds3s29dMFNqz2d/9xEOkofnaCj6YuX21KA==",
      "license": "MIT",
      "dependencies": {
        "readable-stream": "~1.1.9",
        "stream-counter": "~0.2.0"
      },
      "engines": {
        "node": ">=0.8.0"
      }
    },
    "node_modules/negotiator": {
      "version": "0.4.5",
      "resolved": "https://registry.npmjs.org/negotiator/-/negotiator-0.4.5.tgz",
      "integrity": "sha512-yk2Y8USphD7Z1/hiP/96RhpwOW37gMDrhHoo9mAHnVhfJqnlu5vUvNX/7FyJwj6kV6MxfLFnhNZGl0XKgL6zNA==",
      "license": "MIT",
      "engines": {
        "node": "*"
      }
    },
    "node_modules/on-headers": {
      "version": "0.0.0",
      "resolved": "https://registry.npmjs.org/on-headers/-/on-headers-0.0.0.tgz",
      "integrity": "sha512-sd6W+EIQTNDbMndkGZqf1q6x3PlMxAIoufoNhcfpvzrXhtN+IWVyM2sjdsZ3p+TVddtTG5u0lujTglZ+R1VGvQ==",
      "license": "MIT",
      "engines": {
        "node": ">= 0.8.0"
      }
    },
    "node_modules/parseurl": {
      "version": "1.0.1",
      "resolved": "https://registry.npmjs.org/parseurl/-/parseurl-1.0.1.tgz",
      "integrity": "sha512-6W9+0+9Ihayqwjgp4OaLLqZ3KDtqPY2PtUPz8YNiy4PamjJv+7x6J9GO93O9rUZOLgaanTPxsKTasxqKkO1iSw==",
      "license": "MIT"
    },
    "node_modules/pause": {
      "version": "0.0.1",
      "resolved": "https://registry.npmjs.org/pause/-/pause-0.0.1.tgz",
      "integrity": "sha512-KG8UEiEVkR3wGEb4m5yZkVCzigAD+cVEJck2CzYZO37ZGJfctvVptVO192MwrtPhzONn6go8ylnOdMhKqi4nfg=="
    },
    "node_modules/proxy-addr": {
      "version": "1.0.0",
      "resolved": "https://registry.npmjs.org/proxy-addr/-/proxy-addr-1.0.0.tgz",
      "integrity": "sha512-3DpYuuyvGtMQnKGZndrSCLGOEOg7lpNbVmI+Wtpn/3WKjaCFN3M+wRNiMnTGQD2rtTuBd8qXHmdoEjU6PLl68A==",
      "license": "MIT",
      "dependencies": {
        "ipaddr.js": "0.1.2"
      },
      "engines": {
        "node": ">= 0.8.0"
      }
    },
    "node_modules/qs": {
      "version": "0.6.6",
      "resolved": "https://registry.npmjs.org/qs/-/qs-0.6.6.tgz",
      "integrity": "sha512-kN+yNdAf29Jgp+AYHUmC7X4QdJPR8czuMWLNLc0aRxkQ7tB3vJQEONKKT9ou/rW7EbqVec11srC9q9BiVbcnHA==",
      "engines": {
        "node": "*"
      }
    },
    "node_modules/range-parser": {
      "version": "1.0.0",
      "resolved": "https://registry.npmjs.org/range-parser/-/range-parser-1.0.0.tgz",
      "integrity": "sha512-wOH5LIH2ZHo0P7/bwkR+aNbJ+kv3CHVX4B8qs9GqbtY29fi1bGPV5xczrutN20G+Z4XhRqRMTW3q0S4iyJJPfw=="
    },
    "node_modules/raw-body": {
      "version": "1.1.6",
      "resolved": "https://registry.npmjs.org/raw-body/-/raw-body-1.1.6.tgz",
      "integrity": "sha512-XIfWE1upyzaQJ60xmMIY6/pZl7JFBcT59iE4LnXkLOUP4Q7I2SV4waIlH9Oh0VK67qm1IUMZ94V57g2W7V6RpA==",
      "license": "MIT",
      "dependencies": {
        "bytes": "1"
      },
      "engines": {
        "node": ">= 0.8.0"
      }
    },
    "node_modules/readable-stream": {
      "version": "1.1.14",
      "resolved": "https://registry.npmjs.org/readable-stream/-/readable-stream-1.1.14.tgz",
      "integrity": "sha512-+MeVjFf4L44XUkhM1eYbD8fyEsxcV81pqMSR5gblfcLCHfZvbrqy4/qYHE+/R5HoBUT11WV5O08Cr1n3YXkWVQ==",
      "license": "MIT",
      "dependencies": {
        "core-util-is": "~1.0.0",
        "inherits": "~2.0.1",
        "isarray": "0.0.1",
        "string_decoder": "~0.10.x"
      }
    },
    "node_modules/response-time": {
      "version": "2.0.0",
      "resolved": "https://registry.npmjs.org/response-time/-/response-time-2.0.0.tgz",
      "integrity": "sha512-1PeD/WjcPWgv4c1Lpfh+whxgOxauMckWZMWBJNVBXg4Sz/MR1bvtA2V0KOr4gYObkp1GW2NyyiNsJkNMtTOt3w==",
      "license": "MIT",
      "dependencies": {
        "on-headers": "0.0.0"
      },
      "engines": {
        "node": ">= 0.8.0"
      }
    },
    "node_modules/scmp": {
      "version": "0.0.3",
      "resolved": "https://registry.npmjs.org/scmp/-/scmp-0.0.3.tgz",
      "integrity": "sha512-ya4sPuUOfcrJnfC+OUqTFgFVBEMOXMS1Xopn0wwIhxKwD4eveTwJoIUN9u1QHJ47nL29/m545dV8KqI92MlHPw==",
      "deprecated": "scmp v2 uses improved core crypto comparison since Node v6.6.0",
      "license": "BSD"
    },
    "node_modules/send": {
      "version": "0.4.1",
      "resolved": "https://registry.npmjs.org/send/-/send-0.4.1.tgz",
      "integrity": "sha512-+xISm28vKB0WFrKNe2WF3c+/tv3dqRHYMuH6g6jq3ZfcxG9X37n4Dzbb6/bJuEjFSly95VWEwnF6SQgmGzO0hA==",
      "license": "MIT",
      "dependencies": {
        "debug": "0.8.1",
        "finished": "1.1.4",
        "fresh": "~0.2.1",
        "mime": "1.2.11",
        "range-parser": "~1.0.0"
      },
      "engines": {
        "node": ">= 0.8.0"
      }
    },
    "node_modules/serve-favicon": {
      "version": "2.0.0",
      "resolved": "https://registry.npmjs.org/serve-favicon/-/serve-favicon-2.0.0.tgz",
      "integrity": "sha512-IMDPjPYOuJ+yKM29aOFb25at21/DK0hX4EF5Gd/L0bjKgZmio4h0l+Io+NeKMLMJtotr5zj8qJE8yLhBs7QR1g==",
      "license": "MIT",
      "dependencies": {
        "fresh": "0.2.2"
      },
      "engines": {
        "node": ">= 0.8.0"
      }
    },
    "node_modules/serve-index": {
      "version": "1.1.0",
      "resolved": "https://registry.npmjs.org/serve-index/-/serve-index-1.1.0.tgz",
      "integrity": "sha512-v3e0UspyyjJpZ4FoRh4uje2UksArbFhoeR3GT7PvPAFUnzLSQ1g9q+H3nh2FKLZcweHpcK39uAakkuIpKQiZDg==",
      "license": "MIT",
      "dependencies": {
        "accepts": "1.0.2",
        "batch": "0.5.0"
      },
      "engines": {
        "node": ">= 0.8.0"
      }
    },
    "node_modules/serve-static": {
      "version": "1.2.1",
      "resolved": "https://registry.npmjs.org/serve-static/-/serve-static-1.2.1.tgz",
      "integrity": "sha512-RVrNemuggK5mxL31rrJLTVDRFWdRREVLdHsR3nPHA/zxH6Mm/4I595LOBO84PE1YjbC/hTKi3ZqfyXPhBdYjpw==",
      "license": "MIT",
      "dependencies": {
        "escape-html": "1.0.1",
        "parseurl": "1.0.1",
        "send": "0.4.1"
      },
      "engines": {
        "node": ">= 0.8.0"
      }
    },
    "node_modules/stream-counter": {
      "version": "0.2.0",
      "resolved": "https://registry.npmjs.org/stream-counter/-/stream-counter-0.2.0.tgz",
      "integrity": "sha512-GjA2zKc2iXUUKRcOxXQmhEx0Ev3XHJ6c8yWGqhQjWwhGrqNwSsvq9YlRLgoGtZ5Kx2Ln94IedaqJ5GUG6aBbxA==",
      "license": "BSD",
      "dependencies": {
        "readable-stream": "~1.1.8"
      },
      "engines": {
        "node": ">=0.8.0"
      }
    },
    "node_modules/string_decoder": {
      "version": "0.10.31",
      "resolved": "https://registry.npmjs.org/string_decoder/-/string_decoder-0.10.31.tgz",
      "integrity": "sha512-ev2QzSzWPYmy9GuqfIVildA4OdcGLeFZQrq5ys6RtiuF+RQQiZWr8TZNyAcuVXyQRYfEO+MsoB/1BuQVhOJuoQ==",
      "license": "MIT"
    },
    "node_modules/type-is": {
      "version": "1.2.0",
      "resolved": "https://registry.npmjs.org/type-is/-/type-is-1.2.0.tgz",
      "integrity": "sha512-xYm8r1IQeUEVnAL5eaHJ2CYAZy8YJVJ4TDUH13hxJ3bsL9maDnQc9wXhkyqUrY7VfAl/galhFDmynNqE8HnWEg==",
      "license": "MIT",
      "dependencies": {
        "mime": "1.2.11"
      },
      "engines": {
        "node": ">= 0.8"
      }
    },
    "node_modules/uid2": {
      "version": "0.0.4",
      "resolved": "https://registry.npmjs.org/uid2/-/uid2-0.0.4.tgz",
      "integrity": "sha512-IevTus0SbGwQzYh3+fRsAMTVVPOoIVufzacXcHPmdlle1jUpq7BRL+mw3dgeLanvGZdwwbWhRV6XrcFNdBmjWA==",
      "license": "MIT"
    },
    "node_modules/utils-merge": {
      "version": "1.0.0",
      "resolved": "https://registry.npmjs.org/utils-merge/-/utils-merge-1.0.0.tgz",
      "integrity": "sha512-HwU9SLQEtyo+0uoKXd1nkLqigUWLB+QuNQR4OcmB73eWqksM5ovuqcycks2x043W8XVb75rG1HQ0h93TMXkzQQ==",
      "engines": {
        "node": ">= 0.4.0"
      }
    },
    "node_modules/vhost": {
      "version": "1.0.0",
      "resolved": "https://registry.npmjs.org/vhost/-/vhost-1.0.0.tgz",
      "integrity": "sha512-j5oZxSO2DUNZfdQBZlNrxLAGDg1BEgT7njN73f9XDldKoNzv00zeyhgUY5jR70G6kdTrF0xOzESQnnvaJ/Td4g==",
      "license": "MIT"
    }
  }
}
